// !$*UTF8*$!
{
	archiveVersion = 1;
	classes = {
	};
	objectVersion = 51;
	objects = {

/* Begin PBXBuildFile section */
		5033765826639651002CB57F /* AppDelegate.swift in Sources */ = {isa = PBXBuildFile; fileRef = 5033765726639651002CB57F /* AppDelegate.swift */; };
		5033765A26639651002CB57F /* SceneDelegate.swift in Sources */ = {isa = PBXBuildFile; fileRef = 5033765926639651002CB57F /* SceneDelegate.swift */; };
		5033765C26639651002CB57F /* ListOfUsersViewController.swift in Sources */ = {isa = PBXBuildFile; fileRef = 5033765B26639651002CB57F /* ListOfUsersViewController.swift */; };
		5033765F26639651002CB57F /* Main.storyboard in Resources */ = {isa = PBXBuildFile; fileRef = 5033765D26639651002CB57F /* Main.storyboard */; };
		5033766726639653002CB57F /* LaunchScreen.storyboard in Resources */ = {isa = PBXBuildFile; fileRef = 5033766526639653002CB57F /* LaunchScreen.storyboard */; };
		503376702663966F002CB57F /* APIManager.swift in Sources */ = {isa = PBXBuildFile; fileRef = 5033766F2663966F002CB57F /* APIManager.swift */; };
		5033767226639A38002CB57F /* User.swift in Sources */ = {isa = PBXBuildFile; fileRef = 5033767126639A38002CB57F /* User.swift */; };
		50766011266405F400D10CB3 /* GB.png in Resources */ = {isa = PBXBuildFile; fileRef = 5076600B266405F400D10CB3 /* GB.png */; };
		50766012266405F400D10CB3 /* CA.png in Resources */ = {isa = PBXBuildFile; fileRef = 5076600C266405F400D10CB3 /* CA.png */; };
		50766013266405F400D10CB3 /* ES.png in Resources */ = {isa = PBXBuildFile; fileRef = 5076600D266405F400D10CB3 /* ES.png */; };
		50766014266405F400D10CB3 /* FR.png in Resources */ = {isa = PBXBuildFile; fileRef = 5076600E266405F400D10CB3 /* FR.png */; };
		50766015266405F400D10CB3 /* BR.png in Resources */ = {isa = PBXBuildFile; fileRef = 5076600F266405F400D10CB3 /* BR.png */; };
		50766016266405F400D10CB3 /* US.png in Resources */ = {isa = PBXBuildFile; fileRef = 50766010266405F400D10CB3 /* US.png */; };
		509DD1BA2663A86F009E5043 /* UserTableViewCell.swift in Sources */ = {isa = PBXBuildFile; fileRef = 509DD1B92663A86F009E5043 /* UserTableViewCell.swift */; };
		509DD1BD2663E28C009E5043 /* UserViewController.swift in Sources */ = {isa = PBXBuildFile; fileRef = 509DD1BC2663E28C009E5043 /* UserViewController.swift */; };
		509DD1C12663FA7B009E5043 /* Assets.xcassets in Resources */ = {isa = PBXBuildFile; fileRef = 5033766326639653002CB57F /* Assets.xcassets */; };
		ED7564EC7C8E7FE894968FCD /* Pods_SmallPDFTest.framework in Frameworks */ = {isa = PBXBuildFile; fileRef = 8765C16FAC80881215DFBA6D /* Pods_SmallPDFTest.framework */; };
/* End PBXBuildFile section */

/* Begin PBXFileReference section */
		0BE9AF04600F24D296F6BA7B /* Pods-SmallPDFTest.release.xcconfig */ = {isa = PBXFileReference; includeInIndex = 1; lastKnownFileType = text.xcconfig; name = "Pods-SmallPDFTest.release.xcconfig"; path = "Target Support Files/Pods-SmallPDFTest/Pods-SmallPDFTest.release.xcconfig"; sourceTree = "<group>"; };
		42D605396AC1F00733F7D995 /* Pods-SmallPDFTest.debug.xcconfig */ = {isa = PBXFileReference; includeInIndex = 1; lastKnownFileType = text.xcconfig; name = "Pods-SmallPDFTest.debug.xcconfig"; path = "Target Support Files/Pods-SmallPDFTest/Pods-SmallPDFTest.debug.xcconfig"; sourceTree = "<group>"; };
		5033765426639651002CB57F /* SmallPDFTest.app */ = {isa = PBXFileReference; explicitFileType = wrapper.application; includeInIndex = 0; path = SmallPDFTest.app; sourceTree = BUILT_PRODUCTS_DIR; };
		5033765726639651002CB57F /* AppDelegate.swift */ = {isa = PBXFileReference; lastKnownFileType = sourcecode.swift; path = AppDelegate.swift; sourceTree = "<group>"; };
		5033765926639651002CB57F /* SceneDelegate.swift */ = {isa = PBXFileReference; lastKnownFileType = sourcecode.swift; path = SceneDelegate.swift; sourceTree = "<group>"; };
		5033765B26639651002CB57F /* ListOfUsersViewController.swift */ = {isa = PBXFileReference; lastKnownFileType = sourcecode.swift; path = ListOfUsersViewController.swift; sourceTree = "<group>"; };
		5033765E26639651002CB57F /* Base */ = {isa = PBXFileReference; lastKnownFileType = file.storyboard; name = Base; path = Base.lproj/Main.storyboard; sourceTree = "<group>"; };
		5033766326639653002CB57F /* Assets.xcassets */ = {isa = PBXFileReference; lastKnownFileType = folder.assetcatalog; path = Assets.xcassets; sourceTree = "<group>"; };
		5033766626639653002CB57F /* Base */ = {isa = PBXFileReference; lastKnownFileType = file.storyboard; name = Base; path = Base.lproj/LaunchScreen.storyboard; sourceTree = "<group>"; };
		5033766826639653002CB57F /* Info.plist */ = {isa = PBXFileReference; lastKnownFileType = text.plist.xml; path = Info.plist; sourceTree = "<group>"; };
		5033766F2663966F002CB57F /* APIManager.swift */ = {isa = PBXFileReference; lastKnownFileType = sourcecode.swift; path = APIManager.swift; sourceTree = "<group>"; };
		5033767126639A38002CB57F /* User.swift */ = {isa = PBXFileReference; lastKnownFileType = sourcecode.swift; path = User.swift; sourceTree = "<group>"; };
		5076600B266405F400D10CB3 /* GB.png */ = {isa = PBXFileReference; lastKnownFileType = image.png; path = GB.png; sourceTree = "<group>"; };
		5076600C266405F400D10CB3 /* CA.png */ = {isa = PBXFileReference; lastKnownFileType = image.png; path = CA.png; sourceTree = "<group>"; };
		5076600D266405F400D10CB3 /* ES.png */ = {isa = PBXFileReference; lastKnownFileType = image.png; path = ES.png; sourceTree = "<group>"; };
		5076600E266405F400D10CB3 /* FR.png */ = {isa = PBXFileReference; lastKnownFileType = image.png; path = FR.png; sourceTree = "<group>"; };
		5076600F266405F400D10CB3 /* BR.png */ = {isa = PBXFileReference; lastKnownFileType = image.png; path = BR.png; sourceTree = "<group>"; };
		50766010266405F400D10CB3 /* US.png */ = {isa = PBXFileReference; lastKnownFileType = image.png; path = US.png; sourceTree = "<group>"; };
		509DD1B92663A86F009E5043 /* UserTableViewCell.swift */ = {isa = PBXFileReference; lastKnownFileType = sourcecode.swift; path = UserTableViewCell.swift; sourceTree = "<group>"; };
		509DD1BC2663E28C009E5043 /* UserViewController.swift */ = {isa = PBXFileReference; lastKnownFileType = sourcecode.swift; path = UserViewController.swift; sourceTree = "<group>"; };
		8765C16FAC80881215DFBA6D /* Pods_SmallPDFTest.framework */ = {isa = PBXFileReference; explicitFileType = wrapper.framework; includeInIndex = 0; path = Pods_SmallPDFTest.framework; sourceTree = BUILT_PRODUCTS_DIR; };
/* End PBXFileReference section */

/* Begin PBXFrameworksBuildPhase section */
		5033765126639651002CB57F /* Frameworks */ = {
			isa = PBXFrameworksBuildPhase;
			buildActionMask = 2147483647;
			files = (
				ED7564EC7C8E7FE894968FCD /* Pods_SmallPDFTest.framework in Frameworks */,
			);
			runOnlyForDeploymentPostprocessing = 0;
		};
/* End PBXFrameworksBuildPhase section */

/* Begin PBXGroup section */
		0471D7C161668E0EBB9C35B4 /* Frameworks */ = {
			isa = PBXGroup;
			children = (
				8765C16FAC80881215DFBA6D /* Pods_SmallPDFTest.framework */,
			);
			name = Frameworks;
			sourceTree = "<group>";
		};
		5033764B26639651002CB57F = {
			isa = PBXGroup;
			children = (
				5033765626639651002CB57F /* SmallPDFTest */,
				5033765526639651002CB57F /* Products */,
				5ABAA405E9CEFE3338241401 /* Pods */,
				0471D7C161668E0EBB9C35B4 /* Frameworks */,
			);
			sourceTree = "<group>";
		};
		5033765526639651002CB57F /* Products */ = {
			isa = PBXGroup;
			children = (
				5033765426639651002CB57F /* SmallPDFTest.app */,
			);
			name = Products;
			sourceTree = "<group>";
		};
		5033765626639651002CB57F /* SmallPDFTest */ = {
			isa = PBXGroup;
			children = (
				5076601726641F3500D10CB3 /* Cell */,
				509DD1BB2663A883009E5043 /* ViewController */,
				5033767326639A3E002CB57F /* Model */,
				5033766E2663965C002CB57F /* API */,
				5033765726639651002CB57F /* AppDelegate.swift */,
				5033765926639651002CB57F /* SceneDelegate.swift */,
				5033765D26639651002CB57F /* Main.storyboard */,
				5033766326639653002CB57F /* Assets.xcassets */,
				5076600F266405F400D10CB3 /* BR.png */,
				5076600C266405F400D10CB3 /* CA.png */,
				5076600D266405F400D10CB3 /* ES.png */,
				5076600E266405F400D10CB3 /* FR.png */,
				5076600B266405F400D10CB3 /* GB.png */,
				50766010266405F400D10CB3 /* US.png */,
				5033766526639653002CB57F /* LaunchScreen.storyboard */,
				5033766826639653002CB57F /* Info.plist */,
			);
			path = SmallPDFTest;
			sourceTree = "<group>";
		};
		5033766E2663965C002CB57F /* API */ = {
			isa = PBXGroup;
			children = (
				5033766F2663966F002CB57F /* APIManager.swift */,
			);
			name = API;
			sourceTree = "<group>";
		};
		5033767326639A3E002CB57F /* Model */ = {
			isa = PBXGroup;
			children = (
				5033767126639A38002CB57F /* User.swift */,
			);
			path = Model;
			sourceTree = "<group>";
		};
		5076601726641F3500D10CB3 /* Cell */ = {
			isa = PBXGroup;
			children = (
				509DD1B92663A86F009E5043 /* UserTableViewCell.swift */,
			);
			path = Cell;
			sourceTree = "<group>";
		};
		509DD1BB2663A883009E5043 /* ViewController */ = {
			isa = PBXGroup;
			children = (
				5033765B26639651002CB57F /* ListOfUsersViewController.swift */,
				509DD1BC2663E28C009E5043 /* UserViewController.swift */,
			);
			name = ViewController;
			sourceTree = "<group>";
		};
		5ABAA405E9CEFE3338241401 /* Pods */ = {
			isa = PBXGroup;
			children = (
				42D605396AC1F00733F7D995 /* Pods-SmallPDFTest.debug.xcconfig */,
				0BE9AF04600F24D296F6BA7B /* Pods-SmallPDFTest.release.xcconfig */,
			);
			path = Pods;
			sourceTree = "<group>";
		};
/* End PBXGroup section */

/* Begin PBXNativeTarget section */
		5033765326639651002CB57F /* SmallPDFTest */ = {
			isa = PBXNativeTarget;
			buildConfigurationList = 5033766B26639653002CB57F /* Build configuration list for PBXNativeTarget "SmallPDFTest" */;
			buildPhases = (
				463B7E420120EE59C7AE5AAA /* [CP] Check Pods Manifest.lock */,
				5033765026639651002CB57F /* Sources */,
				5033765126639651002CB57F /* Frameworks */,
				5033765226639651002CB57F /* Resources */,
				AE1358A6FFF28ED0341C4E22 /* [CP] Embed Pods Frameworks */,
			);
			buildRules = (
			);
			dependencies = (
			);
			name = SmallPDFTest;
			productName = SmallPDFTest;
			productReference = 5033765426639651002CB57F /* SmallPDFTest.app */;
			productType = "com.apple.product-type.application";
		};
/* End PBXNativeTarget section */

/* Begin PBXProject section */
		5033764C26639651002CB57F /* Project object */ = {
			isa = PBXProject;
			attributes = {
				LastSwiftUpdateCheck = 1250;
				LastUpgradeCheck = 1250;
				TargetAttributes = {
					5033765326639651002CB57F = {
						CreatedOnToolsVersion = 12.5;
					};
				};
			};
			buildConfigurationList = 5033764F26639651002CB57F /* Build configuration list for PBXProject "SmallPDFTest" */;
			compatibilityVersion = "Xcode 9.3";
			developmentRegion = en;
			hasScannedForEncodings = 0;
			knownRegions = (
				en,
				Base,
			);
			mainGroup = 5033764B26639651002CB57F;
			productRefGroup = 5033765526639651002CB57F /* Products */;
			projectDirPath = "";
			projectRoot = "";
			targets = (
				5033765326639651002CB57F /* SmallPDFTest */,
			);
		};
/* End PBXProject section */

/* Begin PBXResourcesBuildPhase section */
		5033765226639651002CB57F /* Resources */ = {
			isa = PBXResourcesBuildPhase;
			buildActionMask = 2147483647;
			files = (
				50766012266405F400D10CB3 /* CA.png in Resources */,
				5033766726639653002CB57F /* LaunchScreen.storyboard in Resources */,
				509DD1C12663FA7B009E5043 /* Assets.xcassets in Resources */,
				50766011266405F400D10CB3 /* GB.png in Resources */,
				50766014266405F400D10CB3 /* FR.png in Resources */,
				50766015266405F400D10CB3 /* BR.png in Resources */,
				50766016266405F400D10CB3 /* US.png in Resources */,
				5033765F26639651002CB57F /* Main.storyboard in Resources */,
				50766013266405F400D10CB3 /* ES.png in Resources */,
			);
			runOnlyForDeploymentPostprocessing = 0;
		};
/* End PBXResourcesBuildPhase section */

/* Begin PBXShellScriptBuildPhase section */
		463B7E420120EE59C7AE5AAA /* [CP] Check Pods Manifest.lock */ = {
			isa = PBXShellScriptBuildPhase;
			buildActionMask = 2147483647;
			files = (
			);
			inputFileListPaths = (
			);
			inputPaths = (
				"${PODS_PODFILE_DIR_PATH}/Podfile.lock",
				"${PODS_ROOT}/Manifest.lock",
			);
			name = "[CP] Check Pods Manifest.lock";
			outputFileListPaths = (
			);
			outputPaths = (
				"$(DERIVED_FILE_DIR)/Pods-SmallPDFTest-checkManifestLockResult.txt",
			);
			runOnlyForDeploymentPostprocessing = 0;
			shellPath = /bin/sh;
			shellScript = "diff \"${PODS_PODFILE_DIR_PATH}/Podfile.lock\" \"${PODS_ROOT}/Manifest.lock\" > /dev/null\nif [ $? != 0 ] ; then\n    # print error to STDERR\n    echo \"error: The sandbox is not in sync with the Podfile.lock. Run 'pod install' or update your CocoaPods installation.\" >&2\n    exit 1\nfi\n# This output is used by Xcode 'outputs' to avoid re-running this script phase.\necho \"SUCCESS\" > \"${SCRIPT_OUTPUT_FILE_0}\"\n";
			showEnvVarsInLog = 0;
		};
		AE1358A6FFF28ED0341C4E22 /* [CP] Embed Pods Frameworks */ = {
			isa = PBXShellScriptBuildPhase;
			buildActionMask = 2147483647;
			files = (
			);
			inputFileListPaths = (
				"${PODS_ROOT}/Target Support Files/Pods-SmallPDFTest/Pods-SmallPDFTest-frameworks-${CONFIGURATION}-input-files.xcfilelist",
			);
			name = "[CP] Embed Pods Frameworks";
			outputFileListPaths = (
				"${PODS_ROOT}/Target Support Files/Pods-SmallPDFTest/Pods-SmallPDFTest-frameworks-${CONFIGURATION}-output-files.xcfilelist",
			);
			runOnlyForDeploymentPostprocessing = 0;
			shellPath = /bin/sh;
			shellScript = "\"${PODS_ROOT}/Target Support Files/Pods-SmallPDFTest/Pods-SmallPDFTest-frameworks.sh\"\n";
			showEnvVarsInLog = 0;
		};
/* End PBXShellScriptBuildPhase section */

/* Begin PBXSourcesBuildPhase section */
		5033765026639651002CB57F /* Sources */ = {
			isa = PBXSourcesBuildPhase;
			buildActionMask = 2147483647;
			files = (
				509DD1BD2663E28C009E5043 /* UserViewController.swift in Sources */,
				5033765C26639651002CB57F /* ListOfUsersViewController.swift in Sources */,
				509DD1BA2663A86F009E5043 /* UserTableViewCell.swift in Sources */,
				5033767226639A38002CB57F /* User.swift in Sources */,
				503376702663966F002CB57F /* APIManager.swift in Sources */,
				5033765826639651002CB57F /* AppDelegate.swift in Sources */,
				5033765A26639651002CB57F /* SceneDelegate.swift in Sources */,
			);
			runOnlyForDeploymentPostprocessing = 0;
		};
/* End PBXSourcesBuildPhase section */

/* Begin PBXVariantGroup section */
		5033765D26639651002CB57F /* Main.storyboard */ = {
			isa = PBXVariantGroup;
			children = (
				5033765E26639651002CB57F /* Base */,
			);
			name = Main.storyboard;
			sourceTree = "<group>";
		};
		5033766526639653002CB57F /* LaunchScreen.storyboard */ = {
			isa = PBXVariantGroup;
			children = (
				5033766626639653002CB57F /* Base */,
			);
			name = LaunchScreen.storyboard;
			sourceTree = "<group>";
		};
/* End PBXVariantGroup section */

/* Begin XCBuildConfiguration section */
		5033766926639653002CB57F /* Debug */ = {
			isa = XCBuildConfiguration;
			buildSettings = {
				ALWAYS_SEARCH_USER_PATHS = NO;
				CLANG_ANALYZER_NONNULL = YES;
				CLANG_ANALYZER_NUMBER_OBJECT_CONVERSION = YES_AGGRESSIVE;
				CLANG_CXX_LANGUAGE_STANDARD = "gnu++14";
				CLANG_CXX_LIBRARY = "libc++";
				CLANG_ENABLE_MODULES = YES;
				CLANG_ENABLE_OBJC_ARC = YES;
				CLANG_ENABLE_OBJC_WEAK = YES;
				CLANG_WARN_BLOCK_CAPTURE_AUTORELEASING = YES;
				CLANG_WARN_BOOL_CONVERSION = YES;
				CLANG_WARN_COMMA = YES;
				CLANG_WARN_CONSTANT_CONVERSION = YES;
				CLANG_WARN_DEPRECATED_OBJC_IMPLEMENTATIONS = YES;
				CLANG_WARN_DIRECT_OBJC_ISA_USAGE = YES_ERROR;
				CLANG_WARN_DOCUMENTATION_COMMENTS = YES;
				CLANG_WARN_EMPTY_BODY = YES;
				CLANG_WARN_ENUM_CONVERSION = YES;
				CLANG_WARN_INFINITE_RECURSION = YES;
				CLANG_WARN_INT_CONVERSION = YES;
				CLANG_WARN_NON_LITERAL_NULL_CONVERSION = YES;
				CLANG_WARN_OBJC_IMPLICIT_RETAIN_SELF = YES;
				CLANG_WARN_OBJC_LITERAL_CONVERSION = YES;
				CLANG_WARN_OBJC_ROOT_CLASS = YES_ERROR;
				CLANG_WARN_QUOTED_INCLUDE_IN_FRAMEWORK_HEADER = YES;
				CLANG_WARN_RANGE_LOOP_ANALYSIS = YES;
				CLANG_WARN_STRICT_PROTOTYPES = YES;
				CLANG_WARN_SUSPICIOUS_MOVE = YES;
				CLANG_WARN_UNGUARDED_AVAILABILITY = YES_AGGRESSIVE;
				CLANG_WARN_UNREACHABLE_CODE = YES;
				CLANG_WARN__DUPLICATE_METHOD_MATCH = YES;
				COPY_PHASE_STRIP = NO;
				DEBUG_INFORMATION_FORMAT = dwarf;
				ENABLE_STRICT_OBJC_MSGSEND = YES;
				ENABLE_TESTABILITY = YES;
				GCC_C_LANGUAGE_STANDARD = gnu11;
				GCC_DYNAMIC_NO_PIC = NO;
				GCC_NO_COMMON_BLOCKS = YES;
				GCC_OPTIMIZATION_LEVEL = 0;
				GCC_PREPROCESSOR_DEFINITIONS = (
					"DEBUG=1",
					"$(inherited)",
				);
				GCC_WARN_64_TO_32_BIT_CONVERSION = YES;
				GCC_WARN_ABOUT_RETURN_TYPE = YES_ERROR;
				GCC_WARN_UNDECLARED_SELECTOR = YES;
				GCC_WARN_UNINITIALIZED_AUTOS = YES_AGGRESSIVE;
				GCC_WARN_UNUSED_FUNCTION = YES;
				GCC_WARN_UNUSED_VARIABLE = YES;
				IPHONEOS_DEPLOYMENT_TARGET = 14.5;
				MTL_ENABLE_DEBUG_INFO = INCLUDE_SOURCE;
				MTL_FAST_MATH = YES;
				ONLY_ACTIVE_ARCH = YES;
				SDKROOT = iphoneos;
				SWIFT_ACTIVE_COMPILATION_CONDITIONS = DEBUG;
				SWIFT_OPTIMIZATION_LEVEL = "-Onone";
			};
			name = Debug;
		};
		5033766A26639653002CB57F /* Release */ = {
			isa = XCBuildConfiguration;
			buildSettings = {
				ALWAYS_SEARCH_USER_PATHS = NO;
				CLANG_ANALYZER_NONNULL = YES;
				CLANG_ANALYZER_NUMBER_OBJECT_CONVERSION = YES_AGGRESSIVE;
				CLANG_CXX_LANGUAGE_STANDARD = "gnu++14";
				CLANG_CXX_LIBRARY = "libc++";
				CLANG_ENABLE_MODULES = YES;
				CLANG_ENABLE_OBJC_ARC = YES;
				CLANG_ENABLE_OBJC_WEAK = YES;
				CLANG_WARN_BLOCK_CAPTURE_AUTORELEASING = YES;
				CLANG_WARN_BOOL_CONVERSION = YES;
				CLANG_WARN_COMMA = YES;
				CLANG_WARN_CONSTANT_CONVERSION = YES;
				CLANG_WARN_DEPRECATED_OBJC_IMPLEMENTATIONS = YES;
				CLANG_WARN_DIRECT_OBJC_ISA_USAGE = YES_ERROR;
				CLANG_WARN_DOCUMENTATION_COMMENTS = YES;
				CLANG_WARN_EMPTY_BODY = YES;
				CLANG_WARN_ENUM_CONVERSION = YES;
				CLANG_WARN_INFINITE_RECURSION = YES;
				CLANG_WARN_INT_CONVERSION = YES;
				CLANG_WARN_NON_LITERAL_NULL_CONVERSION = YES;
				CLANG_WARN_OBJC_IMPLICIT_RETAIN_SELF = YES;
				CLANG_WARN_OBJC_LITERAL_CONVERSION = YES;
				CLANG_WARN_OBJC_ROOT_CLASS = YES_ERROR;
				CLANG_WARN_QUOTED_INCLUDE_IN_FRAMEWORK_HEADER = YES;
				CLANG_WARN_RANGE_LOOP_ANALYSIS = YES;
				CLANG_WARN_STRICT_PROTOTYPES = YES;
				CLANG_WARN_SUSPICIOUS_MOVE = YES;
				CLANG_WARN_UNGUARDED_AVAILABILITY = YES_AGGRESSIVE;
				CLANG_WARN_UNREACHABLE_CODE = YES;
				CLANG_WARN__DUPLICATE_METHOD_MATCH = YES;
				COPY_PHASE_STRIP = NO;
				DEBUG_INFORMATION_FORMAT = "dwarf-with-dsym";
				ENABLE_NS_ASSERTIONS = NO;
				ENABLE_STRICT_OBJC_MSGSEND = YES;
				GCC_C_LANGUAGE_STANDARD = gnu11;
				GCC_NO_COMMON_BLOCKS = YES;
				GCC_WARN_64_TO_32_BIT_CONVERSION = YES;
				GCC_WARN_ABOUT_RETURN_TYPE = YES_ERROR;
				GCC_WARN_UNDECLARED_SELECTOR = YES;
				GCC_WARN_UNINITIALIZED_AUTOS = YES_AGGRESSIVE;
				GCC_WARN_UNUSED_FUNCTION = YES;
				GCC_WARN_UNUSED_VARIABLE = YES;
				IPHONEOS_DEPLOYMENT_TARGET = 14.5;
				MTL_ENABLE_DEBUG_INFO = NO;
				MTL_FAST_MATH = YES;
				SDKROOT = iphoneos;
				SWIFT_COMPILATION_MODE = wholemodule;
				SWIFT_OPTIMIZATION_LEVEL = "-O";
				VALIDATE_PRODUCT = YES;
			};
			name = Release;
		};
		5033766C26639653002CB57F /* Debug */ = {
			isa = XCBuildConfiguration;
			baseConfigurationReference = 42D605396AC1F00733F7D995 /* Pods-SmallPDFTest.debug.xcconfig */;
			buildSettings = {
				ASSETCATALOG_COMPILER_APPICON_NAME = AppIcon;
				ASSETCATALOG_COMPILER_GLOBAL_ACCENT_COLOR_NAME = AccentColor;
				CODE_SIGN_STYLE = Automatic;
				DEVELOPMENT_TEAM = FU2LK7W2TF;
				INFOPLIST_FILE = SmallPDFTest/Info.plist;
				LD_RUNPATH_SEARCH_PATHS = (
					"$(inherited)",
					"@executable_path/Frameworks",
				);
				PRODUCT_BUNDLE_IDENTIFIER = com.adrijana.SmallPDFTest;
				PRODUCT_NAME = "$(TARGET_NAME)";
				SWIFT_VERSION = 5.0;
				TARGETED_DEVICE_FAMILY = "1,2";
			};
			name = Debug;
		};
		5033766D26639653002CB57F /* Release */ = {
			isa = XCBuildConfiguration;
			baseConfigurationReference = 0BE9AF04600F24D296F6BA7B /* Pods-SmallPDFTest.release.xcconfig */;
			buildSettings = {
				ASSETCATALOG_COMPILER_APPICON_NAME = AppIcon;
				ASSETCATALOG_COMPILER_GLOBAL_ACCENT_COLOR_NAME = AccentColor;
				CODE_SIGN_STYLE = Automatic;
				DEVELOPMENT_TEAM = FU2LK7W2TF;
				INFOPLIST_FILE = SmallPDFTest/Info.plist;
				LD_RUNPATH_SEARCH_PATHS = (
					"$(inherited)",
					"@executable_path/Frameworks",
				);
				PRODUCT_BUNDLE_IDENTIFIER = com.adrijana.SmallPDFTest;
				PRODUCT_NAME = "$(TARGET_NAME)";
				SWIFT_VERSION = 5.0;
				TARGETED_DEVICE_FAMILY = "1,2";
			};
			name = Release;
		};
/* End XCBuildConfiguration section */

/* Begin XCConfigurationList section */
		5033764F26639651002CB57F /* Build configuration list for PBXProject "SmallPDFTest" */ = {
			isa = XCConfigurationList;
			buildConfigurations = (
				5033766926639653002CB57F /* Debug */,
				5033766A26639653002CB57F /* Release */,
			);
			defaultConfigurationIsVisible = 0;
			defaultConfigurationName = Release;
		};
		5033766B26639653002CB57F /* Build configuration list for PBXNativeTarget "SmallPDFTest" */ = {
			isa = XCConfigurationList;
			buildConfigurations = (
				5033766C26639653002CB57F /* Debug */,
				5033766D26639653002CB57F /* Release */,
			);
			defaultConfigurationIsVisible = 0;
			defaultConfigurationName = Release;
		};
/* End XCConfigurationList section */
	};
	rootObject = 5033764C26639651002CB57F /* Project object */;
}
